{
  "requires": true,
  "lockfileVersion": 1,
  "dependencies": {
    "node-pdftk": {
      "version": "2.0.2",
      "resolved": "https://registry.npmjs.org/node-pdftk/-/node-pdftk-2.0.2.tgz",
      "integrity": "sha512-ouNYoWd0gzI/ZPt/odQ5JIU4SeRUJTg5dEnCLG88lKJAgFJjn0dHotg563hZTOUyWLP6/n6YBfkW92CvpM5QOg=="
    }
  }
}
